schema: '2.0'
stages:
  preprocessing:
    cmd: python src/preprocessing.py -p data/recipes.csv
    deps:
    - path: data/recipes.csv
      md5: c649f9d9256e9a09ce81e7029268e462
      size: 53703792
    - path: src/preprocessing.py
      md5: 740f7694b13f4e8af6d6ce2f22c2096d
      size: 1630
    outs:
    - path: data/prepared
      md5: 6ede8c7285c818e549febcd322ba231d.dir
      size: 48750549
      nfiles: 1
  modeling:
    cmd: python src/modeling.py -p data/prepared/docs.pkl
    deps:
    - path: data/prepared/docs.pkl
      md5: db88b8fe6e7b5de5de956cf9b4c61f57
      size: 48750549
    - path: src/modeling.py
      md5: 8bc5f796aaff32d4d68605049696f726
      size: 1982
    params:
      params.yaml:
        modeling.num_topics: 14
    outs:
    - path: data/model
      md5: a7893f7b17c363d51903cc8a02c04229.dir
      size: 25467051
      nfiles: 3
  predict:
    cmd: python src/predict.py -m data/model/model.pkl -p data/model/corpus.pkl
    deps:
    - path: data/model/corpus.pkl
      md5: b9b752c9022c0df2aa45401eb54fc69c
      size: 21865753
    - path: data/model/model.pkl
      md5: 95ca0ddae0c49b14f73ad9c01de71d69
      size: 2746562
    - path: src/predict.py
      md5: 64ebc11f1e05a9afb03e9130f081c2b3
      size: 1600
    outs:
    - path: data/predictions
      md5: c8e2932c0e7e92dca450436b35ca61e5.dir
      size: 304490
      nfiles: 1
  evaluate:
    cmd: python src/evaluate.py -m data/model/model.pkl -p data/prepared/docs.pkl
      -c data/model/corpus.pkl -d data/model/dictionary.pkl
    deps:
    - path: data/model/corpus.pkl
      md5: b9b752c9022c0df2aa45401eb54fc69c
      size: 21865753
    - path: data/model/dictionary.pkl
      md5: b7b33257c45c02adad79094353bb11d2
      size: 854736
    - path: data/model/model.pkl
      md5: 95ca0ddae0c49b14f73ad9c01de71d69
      size: 2746562
    - path: data/prepared/docs.pkl
      md5: db88b8fe6e7b5de5de956cf9b4c61f57
      size: 48750549
    - path: src/evaluate.py
      md5: 282cab0a11c181bc1ef2b3e6398c2026
      size: 2158
    outs:
    - path: scores.json
      md5: 8fe8bd03745da075b4103cc5c854b37e
      size: 30
    - path: visualization.html
      md5: 2a96c6b192a49384815d5d6f4561a360
      size: 488731
